# This file is automatically @generated by Cargo.
# It is not intended for manual editing.
version = 4

[[package]]
name = "picketx-agent-state"
version = "0.0.0"

[[package]]
name = "picketx-api"
version = "0.0.0"

[[package]]
name = "picketx-authz"
version = "0.0.0"

[[package]]
name = "picketx-cli"
version = "0.0.0"

[[package]]
name = "picketx-compiler"
version = "0.0.0"

[[package]]
name = "picketx-controller"
version = "0.0.0"

[[package]]
name = "picketx-domain"
version = "0.0.0"

[[package]]
name = "picketx-netfilter"
version = "0.0.0"

[[package]]
name = "picketx-plugin-sdk"
version = "0.0.0"

[[package]]
name = "picketx-protocol"
version = "0.0.0"

[[package]]
name = "picketx-selector"
version = "0.0.0"

[[package]]
name = "picketx-storage"
version = "0.0.0"

[[package]]
name = "picketx-wasm-runtime"
version = "0.0.0"

[[package]]
name = "picketxd"
version = "0.0.0"
